Microsoft Visual Studio Solution File, Format Version 12.00
# Visual Studio Version 17
VisualStudioVersion = 17.5.2.0
MinimumVisualStudioVersion = 10.0.40219.1
Project("{FAE04EC0-301F-11D3-BF4B-00C04F79EFBC}") = "MindfulMomentsApp", "MindfulMomentsApp.csproj", "{F26F33F5-B169-35B4-D352-6400ED4A0402}"
EndProject
Global
	GlobalSection(SolutionConfigurationPlatforms) = preSolution
		Debug|Any CPU = Debug|Any CPU
		Release|Any CPU = Release|Any CPU
	EndGlobalSection
	GlobalSection(ProjectConfigurationPlatforms) = postSolution
		{F26F33F5-B169-35B4-D352-6400ED4A0402}.Debug|Any CPU.ActiveCfg = Debug|Any CPU
		{F26F33F5-B169-35B4-D352-6400ED4A0402}.Debug|Any CPU.Build.0 = Debug|Any CPU
		{F26F33F5-B169-35B4-D352-6400ED4A0402}.Release|Any CPU.ActiveCfg = Release|Any CPU
		{F26F33F5-B169-35B4-D352-6400ED4A0402}.Release|Any CPU.Build.0 = Release|Any CPU
	EndGlobalSection
	GlobalSection(SolutionProperties) = preSolution
		HideSolutionNode = FALSE
	EndGlobalSection
	GlobalSection(ExtensibilityGlobals) = postSolution
		SolutionGuid = {7EBDA741-6453-47C8-ABA6-F34670379D81}
	EndGlobalSection
EndGlobal
